// !$*UTF8*$!
{
	archiveVersion = 1;
	classes = {
	};
	objectVersion = 55;
	objects = {

/* Begin PBXBuildFile section */
		37B564DD2854643E0097BAF1 /* GradeningAppApp.swift in Sources */ = {isa = PBXBuildFile; fileRef = 37B564DC2854643E0097BAF1 /* GradeningAppApp.swift */; };
		37B564DF2854643E0097BAF1 /* ContentView.swift in Sources */ = {isa = PBXBuildFile; fileRef = 37B564DE2854643E0097BAF1 /* ContentView.swift */; };
		37B564E1285464400097BAF1 /* Assets.xcassets in Resources */ = {isa = PBXBuildFile; fileRef = 37B564E0285464400097BAF1 /* Assets.xcassets */; };
		37B564E4285464400097BAF1 /* Preview Assets.xcassets in Resources */ = {isa = PBXBuildFile; fileRef = 37B564E3285464400097BAF1 /* Preview Assets.xcassets */; };
		37B564EE285464400097BAF1 /* GradeningAppTests.swift in Sources */ = {isa = PBXBuildFile; fileRef = 37B564ED285464400097BAF1 /* GradeningAppTests.swift */; };
		37B564F8285464400097BAF1 /* GradeningAppUITests.swift in Sources */ = {isa = PBXBuildFile; fileRef = 37B564F7285464400097BAF1 /* GradeningAppUITests.swift */; };
		37B564FA285464400097BAF1 /* GradeningAppUITestsLaunchTests.swift in Sources */ = {isa = PBXBuildFile; fileRef = 37B564F9285464400097BAF1 /* GradeningAppUITestsLaunchTests.swift */; };
/* End PBXBuildFile section */

/* Begin PBXContainerItemProxy section */
		37B564EA285464400097BAF1 /* PBXContainerItemProxy */ = {
			isa = PBXContainerItemProxy;
			containerPortal = 37B564D12854643E0097BAF1 /* Project object */;
			proxyType = 1;
			remoteGlobalIDString = 37B564D82854643E0097BAF1;
			remoteInfo = GradeningApp;
		};
		37B564F4285464400097BAF1 /* PBXContainerItemProxy */ = {
			isa = PBXContainerItemProxy;
			containerPortal = 37B564D12854643E0097BAF1 /* Project object */;
			proxyType = 1;
			remoteGlobalIDString = 37B564D82854643E0097BAF1;
			remoteInfo = GradeningApp;
		};
/* End PBXContainerItemProxy section */

/* Begin PBXFileReference section */
		37B564D92854643E0097BAF1 /* GradeningApp.app */ = {isa = PBXFileReference; explicitFileType = wrapper.application; includeInIndex = 0; path = GradeningApp.app; sourceTree = BUILT_PRODUCTS_DIR; };
		37B564DC2854643E0097BAF1 /* GradeningAppApp.swift */ = {isa = PBXFileReference; lastKnownFileType = sourcecode.swift; path = GradeningAppApp.swift; sourceTree = "<group>"; };
		37B564DE2854643E0097BAF1 /* ContentView.swift */ = {isa = PBXFileReference; lastKnownFileType = sourcecode.swift; path = ContentView.swift; sourceTree = "<group>"; };
		37B564E0285464400097BAF1 /* Assets.xcassets */ = {isa = PBXFileReference; lastKnownFileType = folder.assetcatalog; path = Assets.xcassets; sourceTree = "<group>"; };
		37B564E3285464400097BAF1 /* Preview Assets.xcassets */ = {isa = PBXFileReference; lastKnownFileType = folder.assetcatalog; path = "Preview Assets.xcassets"; sourceTree = "<group>"; };
		37B564E9285464400097BAF1 /* GradeningAppTests.xctest */ = {isa = PBXFileReference; explicitFileType = wrapper.cfbundle; includeInIndex = 0; path = GradeningAppTests.xctest; sourceTree = BUILT_PRODUCTS_DIR; };
		37B564ED285464400097BAF1 /* GradeningAppTests.swift */ = {isa = PBXFileReference; lastKnownFileType = sourcecode.swift; path = GradeningAppTests.swift; sourceTree = "<group>"; };
		37B564F3285464400097BAF1 /* GradeningAppUITests.xctest */ = {isa = PBXFileReference; explicitFileType = wrapper.cfbundle; includeInIndex = 0; path = GradeningAppUITests.xctest; sourceTree = BUILT_PRODUCTS_DIR; };
		37B564F7285464400097BAF1 /* GradeningAppUITests.swift */ = {isa = PBXFileReference; lastKnownFileType = sourcecode.swift; path = GradeningAppUITests.swift; sourceTree = "<group>"; };
		37B564F9285464400097BAF1 /* GradeningAppUITestsLaunchTests.swift */ = {isa = PBXFileReference; lastKnownFileType = sourcecode.swift; path = GradeningAppUITestsLaunchTests.swift; sourceTree = "<group>"; };
/* End PBXFileReference section */

/* Begin PBXFrameworksBuildPhase section */
		37B564D62854643E0097BAF1 /* Frameworks */ = {
			isa = PBXFrameworksBuildPhase;
			buildActionMask = 2147483647;
			files = (
			);
			runOnlyForDeploymentPostprocessing = 0;
		};
		37B564E6285464400097BAF1 /* Frameworks */ = {
			isa = PBXFrameworksBuildPhase;
			buildActionMask = 2147483647;
			files = (
			);
			runOnlyForDeploymentPostprocessing = 0;
		};
		37B564F0285464400097BAF1 /* Frameworks */ = {
			isa = PBXFrameworksBuildPhase;
			buildActionMask = 2147483647;
			files = (
			);
			runOnlyForDeploymentPostprocessing = 0;
		};
/* End PBXFrameworksBuildPhase section */

/* Begin PBXGroup section */
		37B564D02854643E0097BAF1 = {
			isa = PBXGroup;
			children = (
				37B564DB2854643E0097BAF1 /* GradeningApp */,
				37B564EC285464400097BAF1 /* GradeningAppTests */,
				37B564F6285464400097BAF1 /* GradeningAppUITests */,
				37B564DA2854643E0097BAF1 /* Products */,
			);
			sourceTree = "<group>";
		};
		37B564DA2854643E0097BAF1 /* Products */ = {
			isa = PBXGroup;
			children = (
				37B564D92854643E0097BAF1 /* GradeningApp.app */,
				37B564E9285464400097BAF1 /* GradeningAppTests.xctest */,
				37B564F3285464400097BAF1 /* GradeningAppUITests.xctest */,
			);
			name = Products;
			sourceTree = "<group>";
		};
		37B564DB2854643E0097BAF1 /* GradeningApp */ = {
			isa = PBXGroup;
			children = (
				37B564DC2854643E0097BAF1 /* GradeningAppApp.swift */,
				37B564DE2854643E0097BAF1 /* ContentView.swift */,
				37B564E0285464400097BAF1 /* Assets.xcassets */,
				37B564E2285464400097BAF1 /* Preview Content */,
			);
			path = GradeningApp;
			sourceTree = "<group>";
		};
		37B564E2285464400097BAF1 /* Preview Content */ = {
			isa = PBXGroup;
			children = (
				37B564E3285464400097BAF1 /* Preview Assets.xcassets */,
			);
			path = "Preview Content";
			sourceTree = "<group>";
		};
		37B564EC285464400097BAF1 /* GradeningAppTests */ = {
			isa = PBXGroup;
			children = (
				37B564ED285464400097BAF1 /* GradeningAppTests.swift */,
			);
			path = GradeningAppTests;
			sourceTree = "<group>";
		};
		37B564F6285464400097BAF1 /* GradeningAppUITests */ = {
			isa = PBXGroup;
			children = (
				37B564F7285464400097BAF1 /* GradeningAppUITests.swift */,
				37B564F9285464400097BAF1 /* GradeningAppUITestsLaunchTests.swift */,
			);
			path = GradeningAppUITests;
			sourceTree = "<group>";
		};
/* End PBXGroup section */

/* Begin PBXNativeTarget section */
		37B564D82854643E0097BAF1 /* GradeningApp */ = {
			isa = PBXNativeTarget;
			buildConfigurationList = 37B564FD285464400097BAF1 /* Build configuration list for PBXNativeTarget "GradeningApp" */;
			buildPhases = (
				37B564D52854643E0097BAF1 /* Sources */,
				37B564D62854643E0097BAF1 /* Frameworks */,
				37B564D72854643E0097BAF1 /* Resources */,
			);
			buildRules = (
			);
			dependencies = (
			);
			name = GradeningApp;
			productName = GradeningApp;
			productReference = 37B564D92854643E0097BAF1 /* GradeningApp.app */;
			productType = "com.apple.product-type.application";
		};
		37B564E8285464400097BAF1 /* GradeningAppTests */ = {
			isa = PBXNativeTarget;
			buildConfigurationList = 37B56500285464400097BAF1 /* Build configuration list for PBXNativeTarget "GradeningAppTests" */;
			buildPhases = (
				37B564E5285464400097BAF1 /* Sources */,
				37B564E6285464400097BAF1 /* Frameworks */,
				37B564E7285464400097BAF1 /* Resources */,
			);
			buildRules = (
			);
			dependencies = (
				37B564EB285464400097BAF1 /* PBXTargetDependency */,
			);
			name = GradeningAppTests;
			productName = GradeningAppTests;
			productReference = 37B564E9285464400097BAF1 /* GradeningAppTests.xctest */;
			productType = "com.apple.product-type.bundle.unit-test";
		};
		37B564F2285464400097BAF1 /* GradeningAppUITests */ = {
			isa = PBXNativeTarget;
			buildConfigurationList = 37B56503285464400097BAF1 /* Build configuration list for PBXNativeTarget "GradeningAppUITests" */;
			buildPhases = (
				37B564EF285464400097BAF1 /* Sources */,
				37B564F0285464400097BAF1 /* Frameworks */,
				37B564F1285464400097BAF1 /* Resources */,
			);
			buildRules = (
			);
			dependencies = (
				37B564F5285464400097BAF1 /* PBXTargetDependency */,
			);
			name = GradeningAppUITests;
			productName = GradeningAppUITests;
			productReference = 37B564F3285464400097BAF1 /* GradeningAppUITests.xctest */;
			productType = "com.apple.product-type.bundle.ui-testing";
		};
/* End PBXNativeTarget section */

/* Begin PBXProject section */
		37B564D12854643E0097BAF1 /* Project object */ = {
			isa = PBXProject;
			attributes = {
				BuildIndependentTargetsInParallel = 1;
				LastSwiftUpdateCheck = 1340;
				LastUpgradeCheck = 1340;
				TargetAttributes = {
					37B564D82854643E0097BAF1 = {
						CreatedOnToolsVersion = 13.4;
					};
					37B564E8285464400097BAF1 = {
						CreatedOnToolsVersion = 13.4;
						TestTargetID = 37B564D82854643E0097BAF1;
					};
					37B564F2285464400097BAF1 = {
						CreatedOnToolsVersion = 13.4;
						TestTargetID = 37B564D82854643E0097BAF1;
					};
				};
			};
			buildConfigurationList = 37B564D42854643E0097BAF1 /* Build configuration list for PBXProject "GradeningApp" */;
			compatibilityVersion = "Xcode 13.0";
			developmentRegion = en;
			hasScannedForEncodings = 0;
			knownRegions = (
				en,
				Base,
			);
			mainGroup = 37B564D02854643E0097BAF1;
			productRefGroup = 37B564DA2854643E0097BAF1 /* Products */;
			projectDirPath = "";
			projectRoot = "";
			targets = (
				37B564D82854643E0097BAF1 /* GradeningApp */,
				37B564E8285464400097BAF1 /* GradeningAppTests */,
				37B564F2285464400097BAF1 /* GradeningAppUITests */,
			);
		};
/* End PBXProject section */

/* Begin PBXResourcesBuildPhase section */
		37B564D72854643E0097BAF1 /* Resources */ = {
			isa = PBXResourcesBuildPhase;
			buildActionMask = 2147483647;
			files = (
				37B564E4285464400097BAF1 /* Preview Assets.xcassets in Resources */,
				37B564E1285464400097BAF1 /* Assets.xcassets in Resources */,
			);
			runOnlyForDeploymentPostprocessing = 0;
		};
		37B564E7285464400097BAF1 /* Resources */ = {
			isa = PBXResourcesBuildPhase;
			buildActionMask = 2147483647;
			files = (
			);
			runOnlyForDeploymentPostprocessing = 0;
		};
		37B564F1285464400097BAF1 /* Resources */ = {
			isa = PBXResourcesBuildPhase;
			buildActionMask = 2147483647;
			files = (
			);
			runOnlyForDeploymentPostprocessing = 0;
		};
/* End PBXResourcesBuildPhase section */

/* Begin PBXSourcesBuildPhase section */
		37B564D52854643E0097BAF1 /* Sources */ = {
			isa = PBXSourcesBuildPhase;
			buildActionMask = 2147483647;
			files = (
				37B564DF2854643E0097BAF1 /* ContentView.swift in Sources */,
				37B564DD2854643E0097BAF1 /* GradeningAppApp.swift in Sources */,
			);
			runOnlyForDeploymentPostprocessing = 0;
		};
		37B564E5285464400097BAF1 /* Sources */ = {
			isa = PBXSourcesBuildPhase;
			buildActionMask = 2147483647;
			files = (
				37B564EE285464400097BAF1 /* GradeningAppTests.swift in Sources */,
			);
			runOnlyForDeploymentPostprocessing = 0;
		};
		37B564EF285464400097BAF1 /* Sources */ = {
			isa = PBXSourcesBuildPhase;
			buildActionMask = 2147483647;
			files = (
				37B564FA285464400097BAF1 /* GradeningAppUITestsLaunchTests.swift in Sources */,
				37B564F8285464400097BAF1 /* GradeningAppUITests.swift in Sources */,
			);
			runOnlyForDeploymentPostprocessing = 0;
		};
/* End PBXSourcesBuildPhase section */

/* Begin PBXTargetDependency section */
		37B564EB285464400097BAF1 /* PBXTargetDependency */ = {
			isa = PBXTargetDependency;
			target = 37B564D82854643E0097BAF1 /* GradeningApp */;
			targetProxy = 37B564EA285464400097BAF1 /* PBXContainerItemProxy */;
		};
		37B564F5285464400097BAF1 /* PBXTargetDependency */ = {
			isa = PBXTargetDependency;
			target = 37B564D82854643E0097BAF1 /* GradeningApp */;
			targetProxy = 37B564F4285464400097BAF1 /* PBXContainerItemProxy */;
		};
/* End PBXTargetDependency section */

/* Begin XCBuildConfiguration section */
		37B564FB285464400097BAF1 /* Debug */ = {
			isa = XCBuildConfiguration;
			buildSettings = {
				ALWAYS_SEARCH_USER_PATHS = NO;
				CLANG_ANALYZER_NONNULL = YES;
				CLANG_ANALYZER_NUMBER_OBJECT_CONVERSION = YES_AGGRESSIVE;
				CLANG_CXX_LANGUAGE_STANDARD = "gnu++17";
				CLANG_ENABLE_MODULES = YES;
				CLANG_ENABLE_OBJC_ARC = YES;
				CLANG_ENABLE_OBJC_WEAK = YES;
				CLANG_WARN_BLOCK_CAPTURE_AUTORELEASING = YES;
				CLANG_WARN_BOOL_CONVERSION = YES;
				CLANG_WARN_COMMA = YES;
				CLANG_WARN_CONSTANT_CONVERSION = YES;
				CLANG_WARN_DEPRECATED_OBJC_IMPLEMENTATIONS = YES;
				CLANG_WARN_DIRECT_OBJC_ISA_USAGE = YES_ERROR;
				CLANG_WARN_DOCUMENTATION_COMMENTS = YES;
				CLANG_WARN_EMPTY_BODY = YES;
				CLANG_WARN_ENUM_CONVERSION = YES;
				CLANG_WARN_INFINITE_RECURSION = YES;
				CLANG_WARN_INT_CONVERSION = YES;
				CLANG_WARN_NON_LITERAL_NULL_CONVERSION = YES;
				CLANG_WARN_OBJC_IMPLICIT_RETAIN_SELF = YES;
				CLANG_WARN_OBJC_LITERAL_CONVERSION = YES;
				CLANG_WARN_OBJC_ROOT_CLASS = YES_ERROR;
				CLANG_WARN_QUOTED_INCLUDE_IN_FRAMEWORK_HEADER = YES;
				CLANG_WARN_RANGE_LOOP_ANALYSIS = YES;
				CLANG_WARN_STRICT_PROTOTYPES = YES;
				CLANG_WARN_SUSPICIOUS_MOVE = YES;
				CLANG_WARN_UNGUARDED_AVAILABILITY = YES_AGGRESSIVE;
				CLANG_WARN_UNREACHABLE_CODE = YES;
				CLANG_WARN__DUPLICATE_METHOD_MATCH = YES;
				COPY_PHASE_STRIP = NO;
				DEBUG_INFORMATION_FORMAT = dwarf;
				ENABLE_STRICT_OBJC_MSGSEND = YES;
				ENABLE_TESTABILITY = YES;
				GCC_C_LANGUAGE_STANDARD = gnu11;
				GCC_DYNAMIC_NO_PIC = NO;
				GCC_NO_COMMON_BLOCKS = YES;
				GCC_OPTIMIZATION_LEVEL = 0;
				GCC_PREPROCESSOR_DEFINITIONS = (
					"DEBUG=1",
					"$(inherited)",
				);
				GCC_WARN_64_TO_32_BIT_CONVERSION = YES;
				GCC_WARN_ABOUT_RETURN_TYPE = YES_ERROR;
				GCC_WARN_UNDECLARED_SELECTOR = YES;
				GCC_WARN_UNINITIALIZED_AUTOS = YES_AGGRESSIVE;
				GCC_WARN_UNUSED_FUNCTION = YES;
				GCC_WARN_UNUSED_VARIABLE = YES;
				IPHONEOS_DEPLOYMENT_TARGET = 15.5;
				MTL_ENABLE_DEBUG_INFO = INCLUDE_SOURCE;
				MTL_FAST_MATH = YES;
				ONLY_ACTIVE_ARCH = YES;
				SDKROOT = iphoneos;
				SWIFT_ACTIVE_COMPILATION_CONDITIONS = DEBUG;
				SWIFT_OPTIMIZATION_LEVEL = "-Onone";
			};
			name = Debug;
		};
		37B564FC285464400097BAF1 /* Release */ = {
			isa = XCBuildConfiguration;
			buildSettings = {
				ALWAYS_SEARCH_USER_PATHS = NO;
				CLANG_ANALYZER_NONNULL = YES;
				CLANG_ANALYZER_NUMBER_OBJECT_CONVERSION = YES_AGGRESSIVE;
				CLANG_CXX_LANGUAGE_STANDARD = "gnu++17";
				CLANG_ENABLE_MODULES = YES;
				CLANG_ENABLE_OBJC_ARC = YES;
				CLANG_ENABLE_OBJC_WEAK = YES;
				CLANG_WARN_BLOCK_CAPTURE_AUTORELEASING = YES;
				CLANG_WARN_BOOL_CONVERSION = YES;
				CLANG_WARN_COMMA = YES;
				CLANG_WARN_CONSTANT_CONVERSION = YES;
				CLANG_WARN_DEPRECATED_OBJC_IMPLEMENTATIONS = YES;
				CLANG_WARN_DIRECT_OBJC_ISA_USAGE = YES_ERROR;
				CLANG_WARN_DOCUMENTATION_COMMENTS = YES;
				CLANG_WARN_EMPTY_BODY = YES;
				CLANG_WARN_ENUM_CONVERSION = YES;
				CLANG_WARN_INFINITE_RECURSION = YES;
				CLANG_WARN_INT_CONVERSION = YES;
				CLANG_WARN_NON_LITERAL_NULL_CONVERSION = YES;
				CLANG_WARN_OBJC_IMPLICIT_RETAIN_SELF = YES;
				CLANG_WARN_OBJC_LITERAL_CONVERSION = YES;
				CLANG_WARN_OBJC_ROOT_CLASS = YES_ERROR;
				CLANG_WARN_QUOTED_INCLUDE_IN_FRAMEWORK_HEADER = YES;
				CLANG_WARN_RANGE_LOOP_ANALYSIS = YES;
				CLANG_WARN_STRICT_PROTOTYPES = YES;
				CLANG_WARN_SUSPICIOUS_MOVE = YES;
				CLANG_WARN_UNGUARDED_AVAILABILITY = YES_AGGRESSIVE;
				CLANG_WARN_UNREACHABLE_CODE = YES;
				CLANG_WARN__DUPLICATE_METHOD_MATCH = YES;
				COPY_PHASE_STRIP = NO;
				DEBUG_INFORMATION_FORMAT = "dwarf-with-dsym";
				ENABLE_NS_ASSERTIONS = NO;
				ENABLE_STRICT_OBJC_MSGSEND = YES;
				GCC_C_LANGUAGE_STANDARD = gnu11;
				GCC_NO_COMMON_BLOCKS = YES;
				GCC_WARN_64_TO_32_BIT_CONVERSION = YES;
				GCC_WARN_ABOUT_RETURN_TYPE = YES_ERROR;
				GCC_WARN_UNDECLARED_SELECTOR = YES;
				GCC_WARN_UNINITIALIZED_AUTOS = YES_AGGRESSIVE;
				GCC_WARN_UNUSED_FUNCTION = YES;
				GCC_WARN_UNUSED_VARIABLE = YES;
				IPHONEOS_DEPLOYMENT_TARGET = 15.5;
				MTL_ENABLE_DEBUG_INFO = NO;
				MTL_FAST_MATH = YES;
				SDKROOT = iphoneos;
				SWIFT_COMPILATION_MODE = wholemodule;
				SWIFT_OPTIMIZATION_LEVEL = "-O";
				VALIDATE_PRODUCT = YES;
			};
			name = Release;
		};
		37B564FE285464400097BAF1 /* Debug */ = {
			isa = XCBuildConfiguration;
			buildSettings = {
				ASSETCATALOG_COMPILER_APPICON_NAME = AppIcon;
				ASSETCATALOG_COMPILER_GLOBAL_ACCENT_COLOR_NAME = AccentColor;
				CODE_SIGN_STYLE = Automatic;
				CURRENT_PROJECT_VERSION = 1;
				DEVELOPMENT_ASSET_PATHS = "\"GradeningApp/Preview Content\"";
				DEVELOPMENT_TEAM = 37P2V26KZ2;
				ENABLE_PREVIEWS = YES;
				GENERATE_INFOPLIST_FILE = YES;
				INFOPLIST_KEY_UIApplicationSceneManifest_Generation = YES;
				INFOPLIST_KEY_UIApplicationSupportsIndirectInputEvents = YES;
				INFOPLIST_KEY_UILaunchScreen_Generation = YES;
				INFOPLIST_KEY_UISupportedInterfaceOrientations_iPad = "UIInterfaceOrientationPortrait UIInterfaceOrientationPortraitUpsideDown UIInterfaceOrientationLandscapeLeft UIInterfaceOrientationLandscapeRight";
				INFOPLIST_KEY_UISupportedInterfaceOrientations_iPhone = "UIInterfaceOrientationPortrait UIInterfaceOrientationLandscapeLeft UIInterfaceOrientationLandscapeRight";
				LD_RUNPATH_SEARCH_PATHS = (
					"$(inherited)",
					"@executable_path/Frameworks",
				);
				MARKETING_VERSION = 1.0;
				PRODUCT_BUNDLE_IDENTIFIER = "jannatun-nahar-papia.GradeningApp";
				PRODUCT_NAME = "$(TARGET_NAME)";
				SWIFT_EMIT_LOC_STRINGS = YES;
				SWIFT_VERSION = 5.0;
				TARGETED_DEVICE_FAMILY = "1,2";
			};
			name = Debug;
		};
		37B564FF285464400097BAF1 /* Release */ = {
			isa = XCBuildConfiguration;
			buildSettings = {
				ASSETCATALOG_COMPILER_APPICON_NAME = AppIcon;
				ASSETCATALOG_COMPILER_GLOBAL_ACCENT_COLOR_NAME = AccentColor;
				CODE_SIGN_STYLE = Automatic;
				CURRENT_PROJECT_VERSION = 1;
				DEVELOPMENT_ASSET_PATHS = "\"GradeningApp/Preview Content\"";
				DEVELOPMENT_TEAM = 37P2V26KZ2;
				ENABLE_PREVIEWS = YES;
				GENERATE_INFOPLIST_FILE = YES;
				INFOPLIST_KEY_UIApplicationSceneManifest_Generation = YES;
				INFOPLIST_KEY_UIApplicationSupportsIndirectInputEvents = YES;
				INFOPLIST_KEY_UILaunchScreen_Generation = YES;
				INFOPLIST_KEY_UISupportedInterfaceOrientations_iPad = "UIInterfaceOrientationPortrait UIInterfaceOrientationPortraitUpsideDown UIInterfaceOrientationLandscapeLeft UIInterfaceOrientationLandscapeRight";
				INFOPLIST_KEY_UISupportedInterfaceOrientations_iPhone = "UIInterfaceOrientationPortrait UIInterfaceOrientationLandscapeLeft UIInterfaceOrientationLandscapeRight";
				LD_RUNPATH_SEARCH_PATHS = (
					"$(inherited)",
					"@executable_path/Frameworks",
				);
				MARKETING_VERSION = 1.0;
				PRODUCT_BUNDLE_IDENTIFIER = "jannatun-nahar-papia.GradeningApp";
				PRODUCT_NAME = "$(TARGET_NAME)";
				SWIFT_EMIT_LOC_STRINGS = YES;
				SWIFT_VERSION = 5.0;
				TARGETED_DEVICE_FAMILY = "1,2";
			};
			name = Release;
		};
		37B56501285464400097BAF1 /* Debug */ = {
			isa = XCBuildConfiguration;
			buildSettings = {
				ALWAYS_EMBED_SWIFT_STANDARD_LIBRARIES = YES;
				BUNDLE_LOADER = "$(TEST_HOST)";
				CODE_SIGN_STYLE = Automatic;
				CURRENT_PROJECT_VERSION = 1;
				DEVELOPMENT_TEAM = 37P2V26KZ2;
				GENERATE_INFOPLIST_FILE = YES;
				IPHONEOS_DEPLOYMENT_TARGET = 15.5;
				MARKETING_VERSION = 1.0;
				PRODUCT_BUNDLE_IDENTIFIER = "jannatun-nahar-papia.GradeningAppTests";
				PRODUCT_NAME = "$(TARGET_NAME)";
				SWIFT_EMIT_LOC_STRINGS = NO;
				SWIFT_VERSION = 5.0;
				TARGETED_DEVICE_FAMILY = "1,2";
				TEST_HOST = "$(BUILT_PRODUCTS_DIR)/GradeningApp.app/GradeningApp";
			};
			name = Debug;
		};
		37B56502285464400097BAF1 /* Release */ = {
			isa = XCBuildConfiguration;
			buildSettings = {
				ALWAYS_EMBED_SWIFT_STANDARD_LIBRARIES = YES;
				BUNDLE_LOADER = "$(TEST_HOST)";
				CODE_SIGN_STYLE = Automatic;
				CURRENT_PROJECT_VERSION = 1;
				DEVELOPMENT_TEAM = 37P2V26KZ2;
				GENERATE_INFOPLIST_FILE = YES;
				IPHONEOS_DEPLOYMENT_TARGET = 15.5;
				MARKETING_VERSION = 1.0;
				PRODUCT_BUNDLE_IDENTIFIER = "jannatun-nahar-papia.GradeningAppTests";
				PRODUCT_NAME = "$(TARGET_NAME)";
				SWIFT_EMIT_LOC_STRINGS = NO;
				SWIFT_VERSION = 5.0;
				TARGETED_DEVICE_FAMILY = "1,2";
				TEST_HOST = "$(BUILT_PRODUCTS_DIR)/GradeningApp.app/GradeningApp";
			};
			name = Release;
		};
		37B56504285464400097BAF1 /* Debug */ = {
			isa = XCBuildConfiguration;
			buildSettings = {
				ALWAYS_EMBED_SWIFT_STANDARD_LIBRARIES = YES;
				CODE_SIGN_STYLE = Automatic;
				CURRENT_PROJECT_VERSION = 1;
				DEVELOPMENT_TEAM = 37P2V26KZ2;
				GENERATE_INFOPLIST_FILE = YES;
				MARKETING_VERSION = 1.0;
				PRODUCT_BUNDLE_IDENTIFIER = "jannatun-nahar-papia.GradeningAppUITests";
				PRODUCT_NAME = "$(TARGET_NAME)";
				SWIFT_EMIT_LOC_STRINGS = NO;
				SWIFT_VERSION = 5.0;
				TARGETED_DEVICE_FAMILY = "1,2";
				TEST_TARGET_NAME = GradeningApp;
			};
			name = Debug;
		};
		37B56505285464400097BAF1 /* Release */ = {
			isa = XCBuildConfiguration;
			buildSettings = {
				ALWAYS_EMBED_SWIFT_STANDARD_LIBRARIES = YES;
				CODE_SIGN_STYLE = Automatic;
				CURRENT_PROJECT_VERSION = 1;
				DEVELOPMENT_TEAM = 37P2V26KZ2;
				GENERATE_INFOPLIST_FILE = YES;
				MARKETING_VERSION = 1.0;
				PRODUCT_BUNDLE_IDENTIFIER = "jannatun-nahar-papia.GradeningAppUITests";
				PRODUCT_NAME = "$(TARGET_NAME)";
				SWIFT_EMIT_LOC_STRINGS = NO;
				SWIFT_VERSION = 5.0;
				TARGETED_DEVICE_FAMILY = "1,2";
				TEST_TARGET_NAME = GradeningApp;
			};
			name = Release;
		};
/* End XCBuildConfiguration section */

/* Begin XCConfigurationList section */
		37B564D42854643E0097BAF1 /* Build configuration list for PBXProject "GradeningApp" */ = {
			isa = XCConfigurationList;
			buildConfigurations = (
				37B564FB285464400097BAF1 /* Debug */,
				37B564FC285464400097BAF1 /* Release */,
			);
			defaultConfigurationIsVisible = 0;
			defaultConfigurationName = Release;
		};
		37B564FD285464400097BAF1 /* Build configuration list for PBXNativeTarget "GradeningApp" */ = {
			isa = XCConfigurationList;
			buildConfigurations = (
				37B564FE285464400097BAF1 /* Debug */,
				37B564FF285464400097BAF1 /* Release */,
			);
			defaultConfigurationIsVisible = 0;
			defaultConfigurationName = Release;
		};
		37B56500285464400097BAF1 /* Build configuration list for PBXNativeTarget "GradeningAppTests" */ = {
			isa = XCConfigurationList;
			buildConfigurations = (
				37B56501285464400097BAF1 /* Debug */,
				37B56502285464400097BAF1 /* Release */,
			);
			defaultConfigurationIsVisible = 0;
			defaultConfigurationName = Release;
		};
		37B56503285464400097BAF1 /* Build configuration list for PBXNativeTarget "GradeningAppUITests" */ = {
			isa = XCConfigurationList;
			buildConfigurations = (
				37B56504285464400097BAF1 /* Debug */,
				37B56505285464400097BAF1 /* Release */,
			);
			defaultConfigurationIsVisible = 0;
			defaultConfigurationName = Release;
		};
/* End XCConfigurationList section */
	};
	rootObject = 37B564D12854643E0097BAF1 /* Project object */;
}
